
Microsoft Visual Studio Solution File, Format Version 12.00
# Visual Studio Version 16
VisualStudioVersion = 16.0.31205.134
MinimumVisualStudioVersion = 10.0.40219.1
Project("{2150E333-8FDC-42A3-9474-1A3956D46DE8}") = "src", "src", "{4E86E506-8B8B-40F5-8427-E897EEAE9CF7}"
EndProject
Project("{2150E333-8FDC-42A3-9474-1A3956D46DE8}") = "tests", "tests", "{A22DCE99-DCAD-4BD9-818E-E7C2DE54020C}"
EndProject
Project("{FAE04EC0-301F-11D3-BF4B-00C04F79EFBC}") = "Geosoft.MVVMLight.UI", "Geosoft.MVVMLight.UI\Geosoft.MVVMLight.UI.csproj", "{CA1C5715-9042-4BAC-9417-5759F575BBD4}"
EndProject
Global
	GlobalSection(SolutionConfigurationPlatforms) = preSolution
		Debug|Any CPU = Debug|Any CPU
		Release|Any CPU = Release|Any CPU
	EndGlobalSection
	GlobalSection(ProjectConfigurationPlatforms) = postSolution
		{CA1C5715-9042-4BAC-9417-5759F575BBD4}.Debug|Any CPU.ActiveCfg = Debug|Any CPU
		{CA1C5715-9042-4BAC-9417-5759F575BBD4}.Debug|Any CPU.Build.0 = Debug|Any CPU
		{CA1C5715-9042-4BAC-9417-5759F575BBD4}.Release|Any CPU.ActiveCfg = Release|Any CPU
		{CA1C5715-9042-4BAC-9417-5759F575BBD4}.Release|Any CPU.Build.0 = Release|Any CPU
	EndGlobalSection
	GlobalSection(SolutionProperties) = preSolution
		HideSolutionNode = FALSE
	EndGlobalSection
	GlobalSection(NestedProjects) = preSolution
		{CA1C5715-9042-4BAC-9417-5759F575BBD4} = {4E86E506-8B8B-40F5-8427-E897EEAE9CF7}
	EndGlobalSection
	GlobalSection(ExtensibilityGlobals) = postSolution
		SolutionGuid = {F7AD36BA-E4E3-45C5-9C54-8D17B74EEF14}
	EndGlobalSection
EndGlobal
